<?xml version="1.0" encoding="utf-8"?>
<Project ToolsVersion="4.0" xmlns="http://schemas.microsoft.com/developer/msbuild/2003">
  <ItemGroup>
    <Filter Include="ソース ファイル">
      <UniqueIdentifier>{4FC737F1-C7A5-4376-A066-2A32D752A2FF}</UniqueIdentifier>
      <Extensions>cpp;c;cc;cxx;c++;cppm;ixx;def;odl;idl;hpj;bat;asm;asmx</Extensions>
    </Filter>
    <Filter Include="ヘッダー ファイル">
      <UniqueIdentifier>{93995380-89BD-4b04-88EB-625FBE52EBFB}</UniqueIdentifier>
      <Extensions>h;hh;hpp;hxx;h++;hm;inl;inc;ipp;xsd</Extensions>
    </Filter>
    <Filter Include="リソース ファイル">
      <UniqueIdentifier>{67DA6AB6-F800-4c08-8B7A-83BB121AAD01}</UniqueIdentifier>
      <Extensions>rc;ico;cur;bmp;dlg;rc2;rct;bin;rgs;gif;jpg;jpeg;jpe;resx;tiff;tif;png;wav;mfcribbon-ms</Extensions>
    </Filter>
    <Filter Include="ソース ファイル\RandomNumberGanerator">
      <UniqueIdentifier>{bf59c5f9-b364-475a-aad9-4179ebdd648a}</UniqueIdentifier>
    </Filter>
    <Filter Include="ソース ファイル\RandomNumberGanerator\private">
      <UniqueIdentifier>{bf7dc595-e9cf-4318-9303-d8fafc10238f}</UniqueIdentifier>
    </Filter>
    <Filter Include="ソース ファイル\RandomNumberGanerator\private\Factory">
      <UniqueIdentifier>{422bac05-e42a-4548-a41d-a8a28df954de}</UniqueIdentifier>
    </Filter>
    <Filter Include="ソース ファイル\RandomNumberGanerator\Parameter">
      <UniqueIdentifier>{77057107-7208-47e1-9a94-3c2723b32c12}</UniqueIdentifier>
    </Filter>
    <Filter Include="ソース ファイル\RandomNumberGanerator\private\RandomNumberEngine">
      <UniqueIdentifier>{dbbecf0c-7057-43a7-9395-27ee98e0a746}</UniqueIdentifier>
    </Filter>
    <Filter Include="ソース ファイル\RandomNumberGanerator\private\DistributionGenerator">
      <UniqueIdentifier>{2ddb7e9b-f921-4526-9a6c-67b2db05c3ff}</UniqueIdentifier>
    </Filter>
    <Filter Include="ソース ファイル\RandomNumberGanerator\Parameter\RandomNumberEngine">
      <UniqueIdentifier>{8016a3c2-cf3b-4b62-b838-43684e634bf0}</UniqueIdentifier>
    </Filter>
    <Filter Include="ソース ファイル\RandomNumberGanerator\Parameter\DistributionGenerator">
      <UniqueIdentifier>{72e09eb9-bd53-4a69-aea7-d4eee962a9a5}</UniqueIdentifier>
    </Filter>
    <Filter Include="ソース ファイル\RandomNumberGanerator\Parameter\SeedEngine">
      <UniqueIdentifier>{867a6036-bda2-438c-a93a-1ee3a4d58cc8}</UniqueIdentifier>
    </Filter>
    <Filter Include="ソース ファイル\RandomNumberGanerator\private\SeedEngine">
      <UniqueIdentifier>{c7e32c7a-15f7-4513-a6fa-9e88c1bcd26c}</UniqueIdentifier>
    </Filter>
    <Filter Include="ソース ファイル\Utility">
      <UniqueIdentifier>{3be07268-7b0a-4798-9414-d652385f7fff}</UniqueIdentifier>
    </Filter>
  </ItemGroup>
  <ItemGroup>
    <ClCompile Include="main.cpp">
      <Filter>ソース ファイル</Filter>
    </ClCompile>
    <ClCompile Include="private\DistributionGeneratorFactory.cpp">
      <Filter>ソース ファイル\RandomNumberGanerator\private\Factory</Filter>
    </ClCompile>
    <ClCompile Include="RandomNumberGenerator.cpp">
      <Filter>ソース ファイル\RandomNumberGanerator</Filter>
    </ClCompile>
    <ClCompile Include="private\DistributionGenerator.cpp">
      <Filter>ソース ファイル\RandomNumberGanerator\private\DistributionGenerator</Filter>
    </ClCompile>
    <ClCompile Include="private\AbstractRandomNumberEngine.cpp">
      <Filter>ソース ファイル\RandomNumberGanerator\private\RandomNumberEngine</Filter>
    </ClCompile>
  </ItemGroup>
  <ItemGroup>
    <ClInclude Include="private\DistributionGeneratorFactory.h">
      <Filter>ソース ファイル\RandomNumberGanerator\private\Factory</Filter>
    </ClInclude>
    <ClInclude Include="private\RandomNumberEngineFactory.h">
      <Filter>ソース ファイル\RandomNumberGanerator\private\Factory</Filter>
    </ClInclude>
    <ClInclude Include="RandomNumberGenerator.h">
      <Filter>ソース ファイル\RandomNumberGanerator</Filter>
    </ClInclude>
    <ClInclude Include="private\DistributionGenerator.h">
      <Filter>ソース ファイル\RandomNumberGanerator\private\DistributionGenerator</Filter>
    </ClInclude>
    <ClInclude Include="private\RandomNumberEngine.h">
      <Filter>ソース ファイル\RandomNumberGanerator\private\RandomNumberEngine</Filter>
    </ClInclude>
    <ClInclude Include="private\StdDefaultRandomEngine.h">
      <Filter>ソース ファイル\RandomNumberGanerator\private\RandomNumberEngine</Filter>
    </ClInclude>
    <ClInclude Include="private\StdRandomDevice.h">
      <Filter>ソース ファイル\RandomNumberGanerator\private\RandomNumberEngine</Filter>
    </ClInclude>
    <ClInclude Include="private\StdLiearCongruentialRandomNumberEngine.h">
      <Filter>ソース ファイル\RandomNumberGanerator\private\RandomNumberEngine</Filter>
    </ClInclude>
    <ClInclude Include="private\StdMersenneTwisterRandomNumberEngine.h">
      <Filter>ソース ファイル\RandomNumberGanerator\private\RandomNumberEngine</Filter>
    </ClInclude>
    <ClInclude Include="private\StdSubtractWithCarryRandomNumberEngine.h">
      <Filter>ソース ファイル\RandomNumberGanerator\private\RandomNumberEngine</Filter>
    </ClInclude>
    <ClInclude Include="private\StdMinStdRand0RandomNumberEngine.h">
      <Filter>ソース ファイル\RandomNumberGanerator\private\RandomNumberEngine</Filter>
    </ClInclude>
    <ClInclude Include="private\StdMinStdRandRandomNumberEngine.h">
      <Filter>ソース ファイル\RandomNumberGanerator\private\RandomNumberEngine</Filter>
    </ClInclude>
    <ClInclude Include="private\StdMt199937_32BitRandomNumberEngine.h">
      <Filter>ソース ファイル\RandomNumberGanerator\private\RandomNumberEngine</Filter>
    </ClInclude>
    <ClInclude Include="private\StdMt199937_64BitRandomNumberEngine.h">
      <Filter>ソース ファイル\RandomNumberGanerator\private\RandomNumberEngine</Filter>
    </ClInclude>
    <ClInclude Include="private\StdRanlux24RandomNumberEngine.h">
      <Filter>ソース ファイル\RandomNumberGanerator\private\RandomNumberEngine</Filter>
    </ClInclude>
    <ClInclude Include="private\StdRanlux48RandomNumberEngine.h">
      <Filter>ソース ファイル\RandomNumberGanerator\private\RandomNumberEngine</Filter>
    </ClInclude>
    <ClInclude Include="private\StdKnuthRandomNumberEngine.h">
      <Filter>ソース ファイル\RandomNumberGanerator\private\RandomNumberEngine</Filter>
    </ClInclude>
    <ClInclude Include="RandomNumberEngineID.h">
      <Filter>ソース ファイル\RandomNumberGanerator\Parameter\RandomNumberEngine</Filter>
    </ClInclude>
    <ClInclude Include="RandomNumberEngineParameter.h">
      <Filter>ソース ファイル\RandomNumberGanerator\Parameter\RandomNumberEngine</Filter>
    </ClInclude>
    <ClInclude Include="StdLiearCongruentialRandomNumberEngineParameter.h">
      <Filter>ソース ファイル\RandomNumberGanerator\Parameter\RandomNumberEngine</Filter>
    </ClInclude>
    <ClInclude Include="DistributionGeneratorParameter.h">
      <Filter>ソース ファイル\RandomNumberGanerator\Parameter\DistributionGenerator</Filter>
    </ClInclude>
    <ClInclude Include="DistributionGeneratorID.h">
      <Filter>ソース ファイル\RandomNumberGanerator\Parameter\DistributionGenerator</Filter>
    </ClInclude>
    <ClInclude Include="StdMersenneTwisterRandomNumberEngineParameter.h">
      <Filter>ソース ファイル\RandomNumberGanerator\Parameter\RandomNumberEngine</Filter>
    </ClInclude>
    <ClInclude Include="StdSubtractWithCarryRandomNumberEngineParameter.h">
      <Filter>ソース ファイル\RandomNumberGanerator\Parameter\RandomNumberEngine</Filter>
    </ClInclude>
    <ClInclude Include="SeedEngineID.h">
      <Filter>ソース ファイル\RandomNumberGanerator\Parameter\SeedEngine</Filter>
    </ClInclude>
    <ClInclude Include="SeedEngineParameter.h">
      <Filter>ソース ファイル\RandomNumberGanerator\Parameter\SeedEngine</Filter>
    </ClInclude>
    <ClInclude Include="private\CurrentTimeSeedEngine.h">
      <Filter>ソース ファイル\RandomNumberGanerator\private\SeedEngine</Filter>
    </ClInclude>
    <ClInclude Include="private\SeedEngine.h">
      <Filter>ソース ファイル\RandomNumberGanerator\private\SeedEngine</Filter>
    </ClInclude>
    <ClInclude Include="private\StdRandomDeviceSeedEngine.h">
      <Filter>ソース ファイル\RandomNumberGanerator\private\SeedEngine</Filter>
    </ClInclude>
    <ClInclude Include="private\SeedEngineFactory.h">
      <Filter>ソース ファイル\RandomNumberGanerator\private\Factory</Filter>
    </ClInclude>
    <ClInclude Include="Utility.h">
      <Filter>ソース ファイル\Utility</Filter>
    </ClInclude>
    <ClInclude Include="private\AbstractRandomNumberEngine.h">
      <Filter>ソース ファイル\RandomNumberGanerator\private\RandomNumberEngine</Filter>
    </ClInclude>
  </ItemGroup>
  <ItemGroup>
    <None Include=".editorconfig" />
  </ItemGroup>
</Project>