<?xml version="1.0" encoding="utf-8"?>
<Project ToolsVersion="4.0" xmlns="http://schemas.microsoft.com/developer/msbuild/2003">
  <ItemGroup>
    <Filter Include="ソース ファイル">
      <UniqueIdentifier>{4FC737F1-C7A5-4376-A066-2A32D752A2FF}</UniqueIdentifier>
      <Extensions>cpp;c;cc;cxx;c++;cppm;ixx;def;odl;idl;hpj;bat;asm;asmx</Extensions>
    </Filter>
    <Filter Include="ヘッダー ファイル">
      <UniqueIdentifier>{93995380-89BD-4b04-88EB-625FBE52EBFB}</UniqueIdentifier>
      <Extensions>h;hh;hpp;hxx;h++;hm;inl;inc;ipp;xsd</Extensions>
    </Filter>
    <Filter Include="リソース ファイル">
      <UniqueIdentifier>{67DA6AB6-F800-4c08-8B7A-83BB121AAD01}</UniqueIdentifier>
      <Extensions>rc;ico;cur;bmp;dlg;rc2;rct;bin;rgs;gif;jpg;jpeg;jpe;resx;tiff;tif;png;wav;mfcribbon-ms</Extensions>
    </Filter>
    <Filter Include="ソース ファイル\RandomNumberGanerator">
      <UniqueIdentifier>{bf59c5f9-b364-475a-aad9-4179ebdd648a}</UniqueIdentifier>
    </Filter>
    <Filter Include="ソース ファイル\RandomNumberGanerator\private">
      <UniqueIdentifier>{bf7dc595-e9cf-4318-9303-d8fafc10238f}</UniqueIdentifier>
    </Filter>
    <Filter Include="ソース ファイル\RandomNumberGanerator\private\Factory">
      <UniqueIdentifier>{422bac05-e42a-4548-a41d-a8a28df954de}</UniqueIdentifier>
    </Filter>
    <Filter Include="ソース ファイル\RandomNumberGanerator\Parameter">
      <UniqueIdentifier>{77057107-7208-47e1-9a94-3c2723b32c12}</UniqueIdentifier>
    </Filter>
  </ItemGroup>
  <ItemGroup>
    <ClCompile Include="main.cpp">
      <Filter>ソース ファイル</Filter>
    </ClCompile>
    <ClCompile Include="private\DistributionGenerator.cpp">
      <Filter>ソース ファイル\RandomNumberGanerator\private</Filter>
    </ClCompile>
    <ClCompile Include="private\RandomNumberEngine.cpp">
      <Filter>ソース ファイル\RandomNumberGanerator\private</Filter>
    </ClCompile>
    <ClCompile Include="private\SeedGenerator.cpp">
      <Filter>ソース ファイル\RandomNumberGanerator\private</Filter>
    </ClCompile>
    <ClCompile Include="private\DistributionGeneratorFactory.cpp">
      <Filter>ソース ファイル\RandomNumberGanerator\private\Factory</Filter>
    </ClCompile>
    <ClCompile Include="private\RandomNumberEngineFactory.cpp">
      <Filter>ソース ファイル\RandomNumberGanerator\private\Factory</Filter>
    </ClCompile>
    <ClCompile Include="private\SeedGeneratorFactory.cpp">
      <Filter>ソース ファイル\RandomNumberGanerator\private\Factory</Filter>
    </ClCompile>
    <ClCompile Include="RandomNumberGenerator.cpp">
      <Filter>ソース ファイル\RandomNumberGanerator</Filter>
    </ClCompile>
  </ItemGroup>
  <ItemGroup>
    <ClInclude Include="private\DistributionGenerator.h">
      <Filter>ソース ファイル\RandomNumberGanerator\private</Filter>
    </ClInclude>
    <ClInclude Include="private\RandomNumberEngine.h">
      <Filter>ソース ファイル\RandomNumberGanerator\private</Filter>
    </ClInclude>
    <ClInclude Include="private\SeedGenerator.h">
      <Filter>ソース ファイル\RandomNumberGanerator\private</Filter>
    </ClInclude>
    <ClInclude Include="private\DistributionGeneratorFactory.h">
      <Filter>ソース ファイル\RandomNumberGanerator\private\Factory</Filter>
    </ClInclude>
    <ClInclude Include="private\RandomNumberEngineFactory.h">
      <Filter>ソース ファイル\RandomNumberGanerator\private\Factory</Filter>
    </ClInclude>
    <ClInclude Include="private\SeedGeneratorFactory.h">
      <Filter>ソース ファイル\RandomNumberGanerator\private\Factory</Filter>
    </ClInclude>
    <ClInclude Include="RandomNumberGenerator.h">
      <Filter>ソース ファイル\RandomNumberGanerator</Filter>
    </ClInclude>
    <ClInclude Include="DistributionGeneratorID.h">
      <Filter>ソース ファイル\RandomNumberGanerator\Parameter</Filter>
    </ClInclude>
    <ClInclude Include="DistributionGeneratorParameter.h">
      <Filter>ソース ファイル\RandomNumberGanerator\Parameter</Filter>
    </ClInclude>
    <ClInclude Include="RandomNumberEngineID.h">
      <Filter>ソース ファイル\RandomNumberGanerator\Parameter</Filter>
    </ClInclude>
    <ClInclude Include="RandomNumberEngineParameter.h">
      <Filter>ソース ファイル\RandomNumberGanerator\Parameter</Filter>
    </ClInclude>
    <ClInclude Include="SeedGeneratorID.h">
      <Filter>ソース ファイル\RandomNumberGanerator\Parameter</Filter>
    </ClInclude>
    <ClInclude Include="SeedGeneratorParameter.h">
      <Filter>ソース ファイル\RandomNumberGanerator\Parameter</Filter>
    </ClInclude>
  </ItemGroup>
</Project>